
Microsoft Visual Studio Solution File, Format Version 12.00
# Visual Studio Version 17
VisualStudioVersion = 17.13.35931.197 d17.13
MinimumVisualStudioVersion = 10.0.40219.1
Project("{8BC9CEB8-8B4A-11D0-8D11-00A0C91BC942}") = "Yapp!!", "Yapp!!\Yapp!!.vcxproj", "{310423C3-9201-AE10-5267-F66133D9C276}"
EndProject
Global
	GlobalSection(SolutionConfigurationPlatforms) = preSolution
		Debug|x64 = Debug|x64
		Debug|x86 = Debug|x86
		Release|x64 = Release|x64
		Release|x86 = Release|x86
	EndGlobalSection
	GlobalSection(ProjectConfigurationPlatforms) = postSolution
		{310423C3-9201-AE10-5267-F66133D9C276}.Debug|x64.ActiveCfg = Debug|x64
		{310423C3-9201-AE10-5267-F66133D9C276}.Debug|x64.Build.0 = Debug|x64
		{310423C3-9201-AE10-5267-F66133D9C276}.Debug|x86.ActiveCfg = Debug|Win32
		{310423C3-9201-AE10-5267-F66133D9C276}.Debug|x86.Build.0 = Debug|Win32
		{310423C3-9201-AE10-5267-F66133D9C276}.Release|x64.ActiveCfg = Release|x64
		{310423C3-9201-AE10-5267-F66133D9C276}.Release|x64.Build.0 = Release|x64
		{310423C3-9201-AE10-5267-F66133D9C276}.Release|x86.ActiveCfg = Release|Win32
		{310423C3-9201-AE10-5267-F66133D9C276}.Release|x86.Build.0 = Release|Win32
	EndGlobalSection
	GlobalSection(SolutionProperties) = preSolution
		HideSolutionNode = FALSE
	EndGlobalSection
	GlobalSection(ExtensibilityGlobals) = postSolution
		SolutionGuid = {94B183D6-A02E-4DCC-B002-9B58C60B5A5E}
	EndGlobalSection
EndGlobal
